// !$*UTF8*$!
{
	archiveVersion = 1;
	classes = {
	};
	objectVersion = 56;
	objects = {

/* Begin PBXBuildFile section */
		BA2E28E22BDBB89B00E19E58 /* LogInSwiftUIApp.swift in Sources */ = {isa = PBXBuildFile; fileRef = BA2E28E12BDBB89B00E19E58 /* LogInSwiftUIApp.swift */; };
		BA2E28E42BDBB89B00E19E58 /* ContentView.swift in Sources */ = {isa = PBXBuildFile; fileRef = BA2E28E32BDBB89B00E19E58 /* ContentView.swift */; };
		BA2E28E62BDBB89D00E19E58 /* Assets.xcassets in Resources */ = {isa = PBXBuildFile; fileRef = BA2E28E52BDBB89D00E19E58 /* Assets.xcassets */; };
		BA2E28E92BDBB89D00E19E58 /* Preview Assets.xcassets in Resources */ = {isa = PBXBuildFile; fileRef = BA2E28E82BDBB89D00E19E58 /* Preview Assets.xcassets */; };
		BA2E28F02BDBB97B00E19E58 /* DataManager.swift in Sources */ = {isa = PBXBuildFile; fileRef = BA2E28EF2BDBB97B00E19E58 /* DataManager.swift */; };
		BA2E28F22BDBBA8D00E19E58 /* UserManager.swift in Sources */ = {isa = PBXBuildFile; fileRef = BA2E28F12BDBBA8D00E19E58 /* UserManager.swift */; };
		BA2E28F42BDBBB4300E19E58 /* TimeCounter.swift in Sources */ = {isa = PBXBuildFile; fileRef = BA2E28F32BDBBB4300E19E58 /* TimeCounter.swift */; };
		BA2E28F62BDBBCE300E19E58 /* ButtonAppearanceModifier.swift in Sources */ = {isa = PBXBuildFile; fileRef = BA2E28F52BDBBCE300E19E58 /* ButtonAppearanceModifier.swift */; };
		BA2E28F82BDBBE7E00E19E58 /* ButtonView.swift in Sources */ = {isa = PBXBuildFile; fileRef = BA2E28F72BDBBE7E00E19E58 /* ButtonView.swift */; };
/* End PBXBuildFile section */

/* Begin PBXFileReference section */
		BA2E28DE2BDBB89B00E19E58 /* LogInSwiftUI.app */ = {isa = PBXFileReference; explicitFileType = wrapper.application; includeInIndex = 0; path = LogInSwiftUI.app; sourceTree = BUILT_PRODUCTS_DIR; };
		BA2E28E12BDBB89B00E19E58 /* LogInSwiftUIApp.swift */ = {isa = PBXFileReference; lastKnownFileType = sourcecode.swift; path = LogInSwiftUIApp.swift; sourceTree = "<group>"; };
		BA2E28E32BDBB89B00E19E58 /* ContentView.swift */ = {isa = PBXFileReference; lastKnownFileType = sourcecode.swift; path = ContentView.swift; sourceTree = "<group>"; };
		BA2E28E52BDBB89D00E19E58 /* Assets.xcassets */ = {isa = PBXFileReference; lastKnownFileType = folder.assetcatalog; path = Assets.xcassets; sourceTree = "<group>"; };
		BA2E28E82BDBB89D00E19E58 /* Preview Assets.xcassets */ = {isa = PBXFileReference; lastKnownFileType = folder.assetcatalog; path = "Preview Assets.xcassets"; sourceTree = "<group>"; };
		BA2E28EF2BDBB97B00E19E58 /* DataManager.swift */ = {isa = PBXFileReference; lastKnownFileType = sourcecode.swift; path = DataManager.swift; sourceTree = "<group>"; };
		BA2E28F12BDBBA8D00E19E58 /* UserManager.swift */ = {isa = PBXFileReference; lastKnownFileType = sourcecode.swift; path = UserManager.swift; sourceTree = "<group>"; };
		BA2E28F32BDBBB4300E19E58 /* TimeCounter.swift */ = {isa = PBXFileReference; lastKnownFileType = sourcecode.swift; path = TimeCounter.swift; sourceTree = "<group>"; };
		BA2E28F52BDBBCE300E19E58 /* ButtonAppearanceModifier.swift */ = {isa = PBXFileReference; lastKnownFileType = sourcecode.swift; path = ButtonAppearanceModifier.swift; sourceTree = "<group>"; };
		BA2E28F72BDBBE7E00E19E58 /* ButtonView.swift */ = {isa = PBXFileReference; lastKnownFileType = sourcecode.swift; path = ButtonView.swift; sourceTree = "<group>"; };
/* End PBXFileReference section */

/* Begin PBXFrameworksBuildPhase section */
		BA2E28DB2BDBB89B00E19E58 /* Frameworks */ = {
			isa = PBXFrameworksBuildPhase;
			buildActionMask = 2147483647;
			files = (
			);
			runOnlyForDeploymentPostprocessing = 0;
		};
/* End PBXFrameworksBuildPhase section */

/* Begin PBXGroup section */
		BA2E28D52BDBB89B00E19E58 = {
			isa = PBXGroup;
			children = (
				BA2E28E02BDBB89B00E19E58 /* LogInSwiftUI */,
				BA2E28DF2BDBB89B00E19E58 /* Products */,
			);
			sourceTree = "<group>";
		};
		BA2E28DF2BDBB89B00E19E58 /* Products */ = {
			isa = PBXGroup;
			children = (
				BA2E28DE2BDBB89B00E19E58 /* LogInSwiftUI.app */,
			);
			name = Products;
			sourceTree = "<group>";
		};
		BA2E28E02BDBB89B00E19E58 /* LogInSwiftUI */ = {
			isa = PBXGroup;
			children = (
				BA2E28E12BDBB89B00E19E58 /* LogInSwiftUIApp.swift */,
				BA2E28E32BDBB89B00E19E58 /* ContentView.swift */,
				BA2E28F72BDBBE7E00E19E58 /* ButtonView.swift */,
				BA2E28F52BDBBCE300E19E58 /* ButtonAppearanceModifier.swift */,
				BA2E28F32BDBBB4300E19E58 /* TimeCounter.swift */,
				BA2E28F12BDBBA8D00E19E58 /* UserManager.swift */,
				BA2E28EF2BDBB97B00E19E58 /* DataManager.swift */,
				BA2E28E52BDBB89D00E19E58 /* Assets.xcassets */,
				BA2E28E72BDBB89D00E19E58 /* Preview Content */,
			);
			path = LogInSwiftUI;
			sourceTree = "<group>";
		};
		BA2E28E72BDBB89D00E19E58 /* Preview Content */ = {
			isa = PBXGroup;
			children = (
				BA2E28E82BDBB89D00E19E58 /* Preview Assets.xcassets */,
			);
			path = "Preview Content";
			sourceTree = "<group>";
		};
/* End PBXGroup section */

/* Begin PBXNativeTarget section */
		BA2E28DD2BDBB89B00E19E58 /* LogInSwiftUI */ = {
			isa = PBXNativeTarget;
			buildConfigurationList = BA2E28EC2BDBB89D00E19E58 /* Build configuration list for PBXNativeTarget "LogInSwiftUI" */;
			buildPhases = (
				BA2E28DA2BDBB89B00E19E58 /* Sources */,
				BA2E28DB2BDBB89B00E19E58 /* Frameworks */,
				BA2E28DC2BDBB89B00E19E58 /* Resources */,
			);
			buildRules = (
			);
			dependencies = (
			);
			name = LogInSwiftUI;
			productName = LogInSwiftUI;
			productReference = BA2E28DE2BDBB89B00E19E58 /* LogInSwiftUI.app */;
			productType = "com.apple.product-type.application";
		};
/* End PBXNativeTarget section */

/* Begin PBXProject section */
		BA2E28D62BDBB89B00E19E58 /* Project object */ = {
			isa = PBXProject;
			attributes = {
				BuildIndependentTargetsInParallel = 1;
				LastSwiftUpdateCheck = 1500;
				LastUpgradeCheck = 1500;
				TargetAttributes = {
					BA2E28DD2BDBB89B00E19E58 = {
						CreatedOnToolsVersion = 15.0.1;
					};
				};
			};
			buildConfigurationList = BA2E28D92BDBB89B00E19E58 /* Build configuration list for PBXProject "LogInSwiftUI" */;
			compatibilityVersion = "Xcode 14.0";
			developmentRegion = en;
			hasScannedForEncodings = 0;
			knownRegions = (
				en,
				Base,
			);
			mainGroup = BA2E28D52BDBB89B00E19E58;
			productRefGroup = BA2E28DF2BDBB89B00E19E58 /* Products */;
			projectDirPath = "";
			projectRoot = "";
			targets = (
				BA2E28DD2BDBB89B00E19E58 /* LogInSwiftUI */,
			);
		};
/* End PBXProject section */

/* Begin PBXResourcesBuildPhase section */
		BA2E28DC2BDBB89B00E19E58 /* Resources */ = {
			isa = PBXResourcesBuildPhase;
			buildActionMask = 2147483647;
			files = (
				BA2E28E92BDBB89D00E19E58 /* Preview Assets.xcassets in Resources */,
				BA2E28E62BDBB89D00E19E58 /* Assets.xcassets in Resources */,
			);
			runOnlyForDeploymentPostprocessing = 0;
		};
/* End PBXResourcesBuildPhase section */

/* Begin PBXSourcesBuildPhase section */
		BA2E28DA2BDBB89B00E19E58 /* Sources */ = {
			isa = PBXSourcesBuildPhase;
			buildActionMask = 2147483647;
			files = (
				BA2E28F62BDBBCE300E19E58 /* ButtonAppearanceModifier.swift in Sources */,
				BA2E28E42BDBB89B00E19E58 /* ContentView.swift in Sources */,
				BA2E28F02BDBB97B00E19E58 /* DataManager.swift in Sources */,
				BA2E28F22BDBBA8D00E19E58 /* UserManager.swift in Sources */,
				BA2E28F42BDBBB4300E19E58 /* TimeCounter.swift in Sources */,
				BA2E28E22BDBB89B00E19E58 /* LogInSwiftUIApp.swift in Sources */,
				BA2E28F82BDBBE7E00E19E58 /* ButtonView.swift in Sources */,
			);
			runOnlyForDeploymentPostprocessing = 0;
		};
/* End PBXSourcesBuildPhase section */

/* Begin XCBuildConfiguration section */
		BA2E28EA2BDBB89D00E19E58 /* Debug */ = {
			isa = XCBuildConfiguration;
			buildSettings = {
				ALWAYS_SEARCH_USER_PATHS = NO;
				ASSETCATALOG_COMPILER_GENERATE_SWIFT_ASSET_SYMBOL_EXTENSIONS = YES;
				CLANG_ANALYZER_NONNULL = YES;
				CLANG_ANALYZER_NUMBER_OBJECT_CONVERSION = YES_AGGRESSIVE;
				CLANG_CXX_LANGUAGE_STANDARD = "gnu++20";
				CLANG_ENABLE_MODULES = YES;
				CLANG_ENABLE_OBJC_ARC = YES;
				CLANG_ENABLE_OBJC_WEAK = YES;
				CLANG_WARN_BLOCK_CAPTURE_AUTORELEASING = YES;
				CLANG_WARN_BOOL_CONVERSION = YES;
				CLANG_WARN_COMMA = YES;
				CLANG_WARN_CONSTANT_CONVERSION = YES;
				CLANG_WARN_DEPRECATED_OBJC_IMPLEMENTATIONS = YES;
				CLANG_WARN_DIRECT_OBJC_ISA_USAGE = YES_ERROR;
				CLANG_WARN_DOCUMENTATION_COMMENTS = YES;
				CLANG_WARN_EMPTY_BODY = YES;
				CLANG_WARN_ENUM_CONVERSION = YES;
				CLANG_WARN_INFINITE_RECURSION = YES;
				CLANG_WARN_INT_CONVERSION = YES;
				CLANG_WARN_NON_LITERAL_NULL_CONVERSION = YES;
				CLANG_WARN_OBJC_IMPLICIT_RETAIN_SELF = YES;
				CLANG_WARN_OBJC_LITERAL_CONVERSION = YES;
				CLANG_WARN_OBJC_ROOT_CLASS = YES_ERROR;
				CLANG_WARN_QUOTED_INCLUDE_IN_FRAMEWORK_HEADER = YES;
				CLANG_WARN_RANGE_LOOP_ANALYSIS = YES;
				CLANG_WARN_STRICT_PROTOTYPES = YES;
				CLANG_WARN_SUSPICIOUS_MOVE = YES;
				CLANG_WARN_UNGUARDED_AVAILABILITY = YES_AGGRESSIVE;
				CLANG_WARN_UNREACHABLE_CODE = YES;
				CLANG_WARN__DUPLICATE_METHOD_MATCH = YES;
				COPY_PHASE_STRIP = NO;
				DEBUG_INFORMATION_FORMAT = dwarf;
				ENABLE_STRICT_OBJC_MSGSEND = YES;
				ENABLE_TESTABILITY = YES;
				ENABLE_USER_SCRIPT_SANDBOXING = YES;
				GCC_C_LANGUAGE_STANDARD = gnu17;
				GCC_DYNAMIC_NO_PIC = NO;
				GCC_NO_COMMON_BLOCKS = YES;
				GCC_OPTIMIZATION_LEVEL = 0;
				GCC_PREPROCESSOR_DEFINITIONS = (
					"DEBUG=1",
					"$(inherited)",
				);
				GCC_WARN_64_TO_32_BIT_CONVERSION = YES;
				GCC_WARN_ABOUT_RETURN_TYPE = YES_ERROR;
				GCC_WARN_UNDECLARED_SELECTOR = YES;
				GCC_WARN_UNINITIALIZED_AUTOS = YES_AGGRESSIVE;
				GCC_WARN_UNUSED_FUNCTION = YES;
				GCC_WARN_UNUSED_VARIABLE = YES;
				IPHONEOS_DEPLOYMENT_TARGET = 17.0;
				LOCALIZATION_PREFERS_STRING_CATALOGS = YES;
				MTL_ENABLE_DEBUG_INFO = INCLUDE_SOURCE;
				MTL_FAST_MATH = YES;
				ONLY_ACTIVE_ARCH = YES;
				SDKROOT = iphoneos;
				SWIFT_ACTIVE_COMPILATION_CONDITIONS = "DEBUG $(inherited)";
				SWIFT_OPTIMIZATION_LEVEL = "-Onone";
			};
			name = Debug;
		};
		BA2E28EB2BDBB89D00E19E58 /* Release */ = {
			isa = XCBuildConfiguration;
			buildSettings = {
				ALWAYS_SEARCH_USER_PATHS = NO;
				ASSETCATALOG_COMPILER_GENERATE_SWIFT_ASSET_SYMBOL_EXTENSIONS = YES;
				CLANG_ANALYZER_NONNULL = YES;
				CLANG_ANALYZER_NUMBER_OBJECT_CONVERSION = YES_AGGRESSIVE;
				CLANG_CXX_LANGUAGE_STANDARD = "gnu++20";
				CLANG_ENABLE_MODULES = YES;
				CLANG_ENABLE_OBJC_ARC = YES;
				CLANG_ENABLE_OBJC_WEAK = YES;
				CLANG_WARN_BLOCK_CAPTURE_AUTORELEASING = YES;
				CLANG_WARN_BOOL_CONVERSION = YES;
				CLANG_WARN_COMMA = YES;
				CLANG_WARN_CONSTANT_CONVERSION = YES;
				CLANG_WARN_DEPRECATED_OBJC_IMPLEMENTATIONS = YES;
				CLANG_WARN_DIRECT_OBJC_ISA_USAGE = YES_ERROR;
				CLANG_WARN_DOCUMENTATION_COMMENTS = YES;
				CLANG_WARN_EMPTY_BODY = YES;
				CLANG_WARN_ENUM_CONVERSION = YES;
				CLANG_WARN_INFINITE_RECURSION = YES;
				CLANG_WARN_INT_CONVERSION = YES;
				CLANG_WARN_NON_LITERAL_NULL_CONVERSION = YES;
				CLANG_WARN_OBJC_IMPLICIT_RETAIN_SELF = YES;
				CLANG_WARN_OBJC_LITERAL_CONVERSION = YES;
				CLANG_WARN_OBJC_ROOT_CLASS = YES_ERROR;
				CLANG_WARN_QUOTED_INCLUDE_IN_FRAMEWORK_HEADER = YES;
				CLANG_WARN_RANGE_LOOP_ANALYSIS = YES;
				CLANG_WARN_STRICT_PROTOTYPES = YES;
				CLANG_WARN_SUSPICIOUS_MOVE = YES;
				CLANG_WARN_UNGUARDED_AVAILABILITY = YES_AGGRESSIVE;
				CLANG_WARN_UNREACHABLE_CODE = YES;
				CLANG_WARN__DUPLICATE_METHOD_MATCH = YES;
				COPY_PHASE_STRIP = NO;
				DEBUG_INFORMATION_FORMAT = "dwarf-with-dsym";
				ENABLE_NS_ASSERTIONS = NO;
				ENABLE_STRICT_OBJC_MSGSEND = YES;
				ENABLE_USER_SCRIPT_SANDBOXING = YES;
				GCC_C_LANGUAGE_STANDARD = gnu17;
				GCC_NO_COMMON_BLOCKS = YES;
				GCC_WARN_64_TO_32_BIT_CONVERSION = YES;
				GCC_WARN_ABOUT_RETURN_TYPE = YES_ERROR;
				GCC_WARN_UNDECLARED_SELECTOR = YES;
				GCC_WARN_UNINITIALIZED_AUTOS = YES_AGGRESSIVE;
				GCC_WARN_UNUSED_FUNCTION = YES;
				GCC_WARN_UNUSED_VARIABLE = YES;
				IPHONEOS_DEPLOYMENT_TARGET = 17.0;
				LOCALIZATION_PREFERS_STRING_CATALOGS = YES;
				MTL_ENABLE_DEBUG_INFO = NO;
				MTL_FAST_MATH = YES;
				SDKROOT = iphoneos;
				SWIFT_COMPILATION_MODE = wholemodule;
				VALIDATE_PRODUCT = YES;
			};
			name = Release;
		};
		BA2E28ED2BDBB89D00E19E58 /* Debug */ = {
			isa = XCBuildConfiguration;
			buildSettings = {
				ASSETCATALOG_COMPILER_APPICON_NAME = AppIcon;
				ASSETCATALOG_COMPILER_GLOBAL_ACCENT_COLOR_NAME = AccentColor;
				CODE_SIGN_STYLE = Automatic;
				CURRENT_PROJECT_VERSION = 1;
				DEVELOPMENT_ASSET_PATHS = "\"LogInSwiftUI/Preview Content\"";
				DEVELOPMENT_TEAM = LBC2FW8GZY;
				ENABLE_PREVIEWS = YES;
				GENERATE_INFOPLIST_FILE = YES;
				INFOPLIST_KEY_UIApplicationSceneManifest_Generation = YES;
				INFOPLIST_KEY_UIApplicationSupportsIndirectInputEvents = YES;
				INFOPLIST_KEY_UILaunchScreen_Generation = YES;
				INFOPLIST_KEY_UISupportedInterfaceOrientations_iPad = "UIInterfaceOrientationPortrait UIInterfaceOrientationPortraitUpsideDown UIInterfaceOrientationLandscapeLeft UIInterfaceOrientationLandscapeRight";
				INFOPLIST_KEY_UISupportedInterfaceOrientations_iPhone = "UIInterfaceOrientationPortrait UIInterfaceOrientationLandscapeLeft UIInterfaceOrientationLandscapeRight";
				LD_RUNPATH_SEARCH_PATHS = (
					"$(inherited)",
					"@executable_path/Frameworks",
				);
				MARKETING_VERSION = 1.0;
				PRODUCT_BUNDLE_IDENTIFIER = ru.swiftbook.LogInSwiftUI;
				PRODUCT_NAME = "$(TARGET_NAME)";
				SWIFT_EMIT_LOC_STRINGS = YES;
				SWIFT_VERSION = 5.0;
				TARGETED_DEVICE_FAMILY = "1,2";
			};
			name = Debug;
		};
		BA2E28EE2BDBB89D00E19E58 /* Release */ = {
			isa = XCBuildConfiguration;
			buildSettings = {
				ASSETCATALOG_COMPILER_APPICON_NAME = AppIcon;
				ASSETCATALOG_COMPILER_GLOBAL_ACCENT_COLOR_NAME = AccentColor;
				CODE_SIGN_STYLE = Automatic;
				CURRENT_PROJECT_VERSION = 1;
				DEVELOPMENT_ASSET_PATHS = "\"LogInSwiftUI/Preview Content\"";
				DEVELOPMENT_TEAM = LBC2FW8GZY;
				ENABLE_PREVIEWS = YES;
				GENERATE_INFOPLIST_FILE = YES;
				INFOPLIST_KEY_UIApplicationSceneManifest_Generation = YES;
				INFOPLIST_KEY_UIApplicationSupportsIndirectInputEvents = YES;
				INFOPLIST_KEY_UILaunchScreen_Generation = YES;
				INFOPLIST_KEY_UISupportedInterfaceOrientations_iPad = "UIInterfaceOrientationPortrait UIInterfaceOrientationPortraitUpsideDown UIInterfaceOrientationLandscapeLeft UIInterfaceOrientationLandscapeRight";
				INFOPLIST_KEY_UISupportedInterfaceOrientations_iPhone = "UIInterfaceOrientationPortrait UIInterfaceOrientationLandscapeLeft UIInterfaceOrientationLandscapeRight";
				LD_RUNPATH_SEARCH_PATHS = (
					"$(inherited)",
					"@executable_path/Frameworks",
				);
				MARKETING_VERSION = 1.0;
				PRODUCT_BUNDLE_IDENTIFIER = ru.swiftbook.LogInSwiftUI;
				PRODUCT_NAME = "$(TARGET_NAME)";
				SWIFT_EMIT_LOC_STRINGS = YES;
				SWIFT_VERSION = 5.0;
				TARGETED_DEVICE_FAMILY = "1,2";
			};
			name = Release;
		};
/* End XCBuildConfiguration section */

/* Begin XCConfigurationList section */
		BA2E28D92BDBB89B00E19E58 /* Build configuration list for PBXProject "LogInSwiftUI" */ = {
			isa = XCConfigurationList;
			buildConfigurations = (
				BA2E28EA2BDBB89D00E19E58 /* Debug */,
				BA2E28EB2BDBB89D00E19E58 /* Release */,
			);
			defaultConfigurationIsVisible = 0;
			defaultConfigurationName = Release;
		};
		BA2E28EC2BDBB89D00E19E58 /* Build configuration list for PBXNativeTarget "LogInSwiftUI" */ = {
			isa = XCConfigurationList;
			buildConfigurations = (
				BA2E28ED2BDBB89D00E19E58 /* Debug */,
				BA2E28EE2BDBB89D00E19E58 /* Release */,
			);
			defaultConfigurationIsVisible = 0;
			defaultConfigurationName = Release;
		};
/* End XCConfigurationList section */
	};
	rootObject = BA2E28D62BDBB89B00E19E58 /* Project object */;
}
